
Microsoft Visual Studio Solution File, Format Version 12.00
# Visual Studio Version 17
VisualStudioVersion = 17.5.33530.505
MinimumVisualStudioVersion = 10.0.40219.1
Project("{FAE04EC0-301F-11D3-BF4B-00C04F79EFBC}") = "UploadDownloadFilesNetCore", "UploadDownloadFilesNetCore\UploadDownloadFilesNetCore.csproj", "{3038716C-DB8B-41E9-B9CB-130D73D3CB90}"
EndProject
Global
	GlobalSection(SolutionConfigurationPlatforms) = preSolution
		Debug|Any CPU = Debug|Any CPU
		Release|Any CPU = Release|Any CPU
	EndGlobalSection
	GlobalSection(ProjectConfigurationPlatforms) = postSolution
		{3038716C-DB8B-41E9-B9CB-130D73D3CB90}.Debug|Any CPU.ActiveCfg = Debug|Any CPU
		{3038716C-DB8B-41E9-B9CB-130D73D3CB90}.Debug|Any CPU.Build.0 = Debug|Any CPU
		{3038716C-DB8B-41E9-B9CB-130D73D3CB90}.Release|Any CPU.ActiveCfg = Release|Any CPU
		{3038716C-DB8B-41E9-B9CB-130D73D3CB90}.Release|Any CPU.Build.0 = Release|Any CPU
	EndGlobalSection
	GlobalSection(SolutionProperties) = preSolution
		HideSolutionNode = FALSE
	EndGlobalSection
	GlobalSection(ExtensibilityGlobals) = postSolution
		SolutionGuid = {B5EE10A5-D1ED-4626-9E09-8766E8BF78F0}
	EndGlobalSection
EndGlobal
